
Microsoft Visual Studio Solution File, Format Version 12.00
# Visual Studio 2012
Project("{FAE04EC0-301F-11D3-BF4B-00C04F79EFBC}") = "UIRecorder", "UIRecorder\UIRecorder.csproj", "{5E314CE8-C638-4CAB-A780-4DD558D661DB}"
EndProject
Project("{FAE04EC0-301F-11D3-BF4B-00C04F79EFBC}") = "EmotyperDataUtility", "EmotyperStorageUtility\EmotyperDataUtility.csproj", "{C5DA12F9-81DB-4AB4-BAE7-D2A3713B21CC}"
EndProject
Project("{FAE04EC0-301F-11D3-BF4B-00C04F79EFBC}") = "Resources", "Resources\Resources.csproj", "{F3953227-55F4-4E35-82CC-0E2232B48219}"
EndProject
Project("{FAE04EC0-301F-11D3-BF4B-00C04F79EFBC}") = "WpfToolkitChart", "WpfToolkitChart\WpfToolkitChart.csproj", "{1FBF4292-DAEF-459C-9D95-C32688E2CF3B}"
EndProject
Project("{FAE04EC0-301F-11D3-BF4B-00C04F79EFBC}") = "WaveletStudio", "WaveletStudio\WaveletStudio.csproj", "{003D0672-355F-416B-9E88-DC95F0762329}"
EndProject
Project("{FAE04EC0-301F-11D3-BF4B-00C04F79EFBC}") = "WaveletStudio.Designer", "WaveletStudio.Designer\WaveletStudio.Designer.csproj", "{BE6CA208-A810-4103-BC06-B0F833379369}"
EndProject
Project("{FAE04EC0-301F-11D3-BF4B-00C04F79EFBC}") = "TestStartup", "TestStartup\TestStartup.csproj", "{3C7EE759-8DDD-4D94-B37C-59CB9614041F}"
EndProject
Project("{FAE04EC0-301F-11D3-BF4B-00C04F79EFBC}") = "GraphitVizualizer", "GraphitVizualizer\GraphitVizualizer.csproj", "{8E580FC4-F1EA-4595-A860-583F8AF30169}"
EndProject
Project("{2150E333-8FDC-42A3-9474-1A3956D46DE8}") = "Solution Items", "Solution Items", "{2EAACC4F-B422-4998-B247-50FA5AE70419}"
	ProjectSection(SolutionItems) = preProject
		Performance1.psess = Performance1.psess
	EndProjectSection
EndProject
Project("{FAE04EC0-301F-11D3-BF4B-00C04F79EFBC}") = "RealTimeChart", "RealTimeChart\RealTimeChart.csproj", "{7C93F912-DFF2-4D88-A57F-672B32C03676}"
EndProject
Global
	GlobalSection(SolutionConfigurationPlatforms) = preSolution
		Debug|Any CPU = Debug|Any CPU
		Debug|Mixed Platforms = Debug|Mixed Platforms
		Debug|x86 = Debug|x86
		Release|Any CPU = Release|Any CPU
		Release|Mixed Platforms = Release|Mixed Platforms
		Release|x86 = Release|x86
	EndGlobalSection
	GlobalSection(ProjectConfigurationPlatforms) = postSolution
		{5E314CE8-C638-4CAB-A780-4DD558D661DB}.Debug|Any CPU.ActiveCfg = Debug|Any CPU
		{5E314CE8-C638-4CAB-A780-4DD558D661DB}.Debug|Any CPU.Build.0 = Debug|Any CPU
		{5E314CE8-C638-4CAB-A780-4DD558D661DB}.Debug|Mixed Platforms.ActiveCfg = Debug|Any CPU
		{5E314CE8-C638-4CAB-A780-4DD558D661DB}.Debug|Mixed Platforms.Build.0 = Debug|Any CPU
		{5E314CE8-C638-4CAB-A780-4DD558D661DB}.Debug|x86.ActiveCfg = Debug|Any CPU
		{5E314CE8-C638-4CAB-A780-4DD558D661DB}.Release|Any CPU.ActiveCfg = Release|Any CPU
		{5E314CE8-C638-4CAB-A780-4DD558D661DB}.Release|Any CPU.Build.0 = Release|Any CPU
		{5E314CE8-C638-4CAB-A780-4DD558D661DB}.Release|Mixed Platforms.ActiveCfg = Release|Any CPU
		{5E314CE8-C638-4CAB-A780-4DD558D661DB}.Release|Mixed Platforms.Build.0 = Release|Any CPU
		{5E314CE8-C638-4CAB-A780-4DD558D661DB}.Release|x86.ActiveCfg = Release|Any CPU
		{C5DA12F9-81DB-4AB4-BAE7-D2A3713B21CC}.Debug|Any CPU.ActiveCfg = Debug|Any CPU
		{C5DA12F9-81DB-4AB4-BAE7-D2A3713B21CC}.Debug|Any CPU.Build.0 = Debug|Any CPU
		{C5DA12F9-81DB-4AB4-BAE7-D2A3713B21CC}.Debug|Mixed Platforms.ActiveCfg = Debug|Any CPU
		{C5DA12F9-81DB-4AB4-BAE7-D2A3713B21CC}.Debug|Mixed Platforms.Build.0 = Debug|Any CPU
		{C5DA12F9-81DB-4AB4-BAE7-D2A3713B21CC}.Debug|x86.ActiveCfg = Debug|Any CPU
		{C5DA12F9-81DB-4AB4-BAE7-D2A3713B21CC}.Release|Any CPU.ActiveCfg = Release|Any CPU
		{C5DA12F9-81DB-4AB4-BAE7-D2A3713B21CC}.Release|Any CPU.Build.0 = Release|Any CPU
		{C5DA12F9-81DB-4AB4-BAE7-D2A3713B21CC}.Release|Mixed Platforms.ActiveCfg = Release|Any CPU
		{C5DA12F9-81DB-4AB4-BAE7-D2A3713B21CC}.Release|Mixed Platforms.Build.0 = Release|Any CPU
		{C5DA12F9-81DB-4AB4-BAE7-D2A3713B21CC}.Release|x86.ActiveCfg = Release|Any CPU
		{F3953227-55F4-4E35-82CC-0E2232B48219}.Debug|Any CPU.ActiveCfg = Debug|Any CPU
		{F3953227-55F4-4E35-82CC-0E2232B48219}.Debug|Any CPU.Build.0 = Debug|Any CPU
		{F3953227-55F4-4E35-82CC-0E2232B48219}.Debug|Mixed Platforms.ActiveCfg = Debug|Any CPU
		{F3953227-55F4-4E35-82CC-0E2232B48219}.Debug|Mixed Platforms.Build.0 = Debug|Any CPU
		{F3953227-55F4-4E35-82CC-0E2232B48219}.Debug|x86.ActiveCfg = Debug|Any CPU
		{F3953227-55F4-4E35-82CC-0E2232B48219}.Release|Any CPU.ActiveCfg = Release|Any CPU
		{F3953227-55F4-4E35-82CC-0E2232B48219}.Release|Any CPU.Build.0 = Release|Any CPU
		{F3953227-55F4-4E35-82CC-0E2232B48219}.Release|Mixed Platforms.ActiveCfg = Release|Any CPU
		{F3953227-55F4-4E35-82CC-0E2232B48219}.Release|Mixed Platforms.Build.0 = Release|Any CPU
		{F3953227-55F4-4E35-82CC-0E2232B48219}.Release|x86.ActiveCfg = Release|Any CPU
		{1FBF4292-DAEF-459C-9D95-C32688E2CF3B}.Debug|Any CPU.ActiveCfg = Debug|x86
		{1FBF4292-DAEF-459C-9D95-C32688E2CF3B}.Debug|Mixed Platforms.ActiveCfg = Debug|x86
		{1FBF4292-DAEF-459C-9D95-C32688E2CF3B}.Debug|Mixed Platforms.Build.0 = Debug|x86
		{1FBF4292-DAEF-459C-9D95-C32688E2CF3B}.Debug|x86.ActiveCfg = Debug|x86
		{1FBF4292-DAEF-459C-9D95-C32688E2CF3B}.Debug|x86.Build.0 = Debug|x86
		{1FBF4292-DAEF-459C-9D95-C32688E2CF3B}.Release|Any CPU.ActiveCfg = Release|x86
		{1FBF4292-DAEF-459C-9D95-C32688E2CF3B}.Release|Mixed Platforms.ActiveCfg = Release|x86
		{1FBF4292-DAEF-459C-9D95-C32688E2CF3B}.Release|Mixed Platforms.Build.0 = Release|x86
		{1FBF4292-DAEF-459C-9D95-C32688E2CF3B}.Release|x86.ActiveCfg = Release|x86
		{1FBF4292-DAEF-459C-9D95-C32688E2CF3B}.Release|x86.Build.0 = Release|x86
		{003D0672-355F-416B-9E88-DC95F0762329}.Debug|Any CPU.ActiveCfg = Debug|Any CPU
		{003D0672-355F-416B-9E88-DC95F0762329}.Debug|Any CPU.Build.0 = Debug|Any CPU
		{003D0672-355F-416B-9E88-DC95F0762329}.Debug|Mixed Platforms.ActiveCfg = Debug|Any CPU
		{003D0672-355F-416B-9E88-DC95F0762329}.Debug|Mixed Platforms.Build.0 = Debug|Any CPU
		{003D0672-355F-416B-9E88-DC95F0762329}.Debug|x86.ActiveCfg = Debug|Any CPU
		{003D0672-355F-416B-9E88-DC95F0762329}.Release|Any CPU.ActiveCfg = Release|Any CPU
		{003D0672-355F-416B-9E88-DC95F0762329}.Release|Any CPU.Build.0 = Release|Any CPU
		{003D0672-355F-416B-9E88-DC95F0762329}.Release|Mixed Platforms.ActiveCfg = Release|Any CPU
		{003D0672-355F-416B-9E88-DC95F0762329}.Release|Mixed Platforms.Build.0 = Release|Any CPU
		{003D0672-355F-416B-9E88-DC95F0762329}.Release|x86.ActiveCfg = Release|Any CPU
		{BE6CA208-A810-4103-BC06-B0F833379369}.Debug|Any CPU.ActiveCfg = Debug|x86
		{BE6CA208-A810-4103-BC06-B0F833379369}.Debug|Mixed Platforms.ActiveCfg = Debug|x86
		{BE6CA208-A810-4103-BC06-B0F833379369}.Debug|Mixed Platforms.Build.0 = Debug|x86
		{BE6CA208-A810-4103-BC06-B0F833379369}.Debug|x86.ActiveCfg = Debug|x86
		{BE6CA208-A810-4103-BC06-B0F833379369}.Debug|x86.Build.0 = Debug|x86
		{BE6CA208-A810-4103-BC06-B0F833379369}.Release|Any CPU.ActiveCfg = Release|x86
		{BE6CA208-A810-4103-BC06-B0F833379369}.Release|Mixed Platforms.ActiveCfg = Release|x86
		{BE6CA208-A810-4103-BC06-B0F833379369}.Release|Mixed Platforms.Build.0 = Release|x86
		{BE6CA208-A810-4103-BC06-B0F833379369}.Release|x86.ActiveCfg = Release|x86
		{BE6CA208-A810-4103-BC06-B0F833379369}.Release|x86.Build.0 = Release|x86
		{3C7EE759-8DDD-4D94-B37C-59CB9614041F}.Debug|Any CPU.ActiveCfg = Debug|Any CPU
		{3C7EE759-8DDD-4D94-B37C-59CB9614041F}.Debug|Any CPU.Build.0 = Debug|Any CPU
		{3C7EE759-8DDD-4D94-B37C-59CB9614041F}.Debug|Mixed Platforms.ActiveCfg = Debug|Any CPU
		{3C7EE759-8DDD-4D94-B37C-59CB9614041F}.Debug|Mixed Platforms.Build.0 = Debug|Any CPU
		{3C7EE759-8DDD-4D94-B37C-59CB9614041F}.Debug|x86.ActiveCfg = Debug|Any CPU
		{3C7EE759-8DDD-4D94-B37C-59CB9614041F}.Release|Any CPU.ActiveCfg = Release|Any CPU
		{3C7EE759-8DDD-4D94-B37C-59CB9614041F}.Release|Any CPU.Build.0 = Release|Any CPU
		{3C7EE759-8DDD-4D94-B37C-59CB9614041F}.Release|Mixed Platforms.ActiveCfg = Release|Any CPU
		{3C7EE759-8DDD-4D94-B37C-59CB9614041F}.Release|Mixed Platforms.Build.0 = Release|Any CPU
		{3C7EE759-8DDD-4D94-B37C-59CB9614041F}.Release|x86.ActiveCfg = Release|Any CPU
		{8E580FC4-F1EA-4595-A860-583F8AF30169}.Debug|Any CPU.ActiveCfg = Debug|Any CPU
		{8E580FC4-F1EA-4595-A860-583F8AF30169}.Debug|Any CPU.Build.0 = Debug|Any CPU
		{8E580FC4-F1EA-4595-A860-583F8AF30169}.Debug|Mixed Platforms.ActiveCfg = Debug|Any CPU
		{8E580FC4-F1EA-4595-A860-583F8AF30169}.Debug|Mixed Platforms.Build.0 = Debug|Any CPU
		{8E580FC4-F1EA-4595-A860-583F8AF30169}.Debug|x86.ActiveCfg = Debug|Any CPU
		{8E580FC4-F1EA-4595-A860-583F8AF30169}.Release|Any CPU.ActiveCfg = Release|Any CPU
		{8E580FC4-F1EA-4595-A860-583F8AF30169}.Release|Any CPU.Build.0 = Release|Any CPU
		{8E580FC4-F1EA-4595-A860-583F8AF30169}.Release|Mixed Platforms.ActiveCfg = Release|Any CPU
		{8E580FC4-F1EA-4595-A860-583F8AF30169}.Release|Mixed Platforms.Build.0 = Release|Any CPU
		{8E580FC4-F1EA-4595-A860-583F8AF30169}.Release|x86.ActiveCfg = Release|Any CPU
		{7C93F912-DFF2-4D88-A57F-672B32C03676}.Debug|Any CPU.ActiveCfg = Debug|x86
		{7C93F912-DFF2-4D88-A57F-672B32C03676}.Debug|Mixed Platforms.ActiveCfg = Debug|x86
		{7C93F912-DFF2-4D88-A57F-672B32C03676}.Debug|Mixed Platforms.Build.0 = Debug|x86
		{7C93F912-DFF2-4D88-A57F-672B32C03676}.Debug|x86.ActiveCfg = Debug|x86
		{7C93F912-DFF2-4D88-A57F-672B32C03676}.Debug|x86.Build.0 = Debug|x86
		{7C93F912-DFF2-4D88-A57F-672B32C03676}.Release|Any CPU.ActiveCfg = Release|x86
		{7C93F912-DFF2-4D88-A57F-672B32C03676}.Release|Mixed Platforms.ActiveCfg = Release|x86
		{7C93F912-DFF2-4D88-A57F-672B32C03676}.Release|Mixed Platforms.Build.0 = Release|x86
		{7C93F912-DFF2-4D88-A57F-672B32C03676}.Release|x86.ActiveCfg = Release|x86
		{7C93F912-DFF2-4D88-A57F-672B32C03676}.Release|x86.Build.0 = Release|x86
	EndGlobalSection
	GlobalSection(SolutionProperties) = preSolution
		HideSolutionNode = FALSE
	EndGlobalSection
	GlobalSection(Performance) = preSolution
		HasPerformanceSessions = true
	EndGlobalSection
EndGlobal
